
Microsoft Visual Studio Solution File, Format Version 12.00
# Visual Studio Version 16
VisualStudioVersion = 16.0.29613.14
MinimumVisualStudioVersion = 14.0.25420.1
Project("{8BC9CEB8-8B4A-11D0-8D11-00A0C91BC942}") = "CPP_IVIC_MultiRecordAcquisition", "C++\CPP_IVIC_MultiRecordAcquisition\CPP_IVIC_MultiRecordAcquisition.vcxproj", "{6D73D87C-3AA8-481D-992A-B0E01B70AAB0}"
EndProject
Project("{8BC9CEB8-8B4A-11D0-8D11-00A0C91BC942}") = "CPP_IVIC_SimpleAcquisition", "C++\CPP_IVIC_SimpleAcquisition\CPP_IVIC_SimpleAcquisition.vcxproj", "{98E71C3E-A4A9-4702-A348-4C3ADCB36BF8}"
EndProject
Project("{8BC9CEB8-8B4A-11D0-8D11-00A0C91BC942}") = "CPP_IVIC_Averager", "C++\CPP_IVIC_Averager\CPP_IVIC_Averager.vcxproj", "{FF69BD5F-D2DF-4062-BEA7-1F1B55789EE5}"
EndProject
Project("{8BC9CEB8-8B4A-11D0-8D11-00A0C91BC942}") = "CPP_IVIC_AveragerTSR", "C++\U53xx\CPP_IVIC_AveragerTSR\CPP_IVIC_AveragerTSR.vcxproj", "{47412AB9-8206-44E4-A42B-15B9561C6280}"
EndProject
Project("{8BC9CEB8-8B4A-11D0-8D11-00A0C91BC942}") = "CPP_IVIC_PeakDetection", "C++\U53xx\CPP_IVIC_PeakDetection\CPP_IVIC_PeakDetection.vcxproj", "{4C859798-E041-4F36-9263-3326B787BE54}"
EndProject
Project("{8BC9CEB8-8B4A-11D0-8D11-00A0C91BC942}") = "CPP_IVIC_TSR", "C++\U53xx\CPP_IVIC_TSR\CPP_IVIC_TSR.vcxproj", "{7BBE0A08-E683-43E7-AFDD-E76A96DFBFF5}"
EndProject
Project("{8BC9CEB8-8B4A-11D0-8D11-00A0C91BC942}") = "CPP_IVIC_StreamingZeroSuppress", "C++\SA2xx\CPP_IVIC_StreamingZeroSuppress\CPP_IVIC_StreamingZeroSuppress.vcxproj", "{23CBAE59-8559-44D7-9B2A-18F7BAF72338}"
EndProject
Project("{8BC9CEB8-8B4A-11D0-8D11-00A0C91BC942}") = "CPP_IVIC_StreamingPeakList", "C++\SA2xx\CPP_IVIC_StreamingPeakList\CPP_IVIC_StreamingPeakList.vcxproj", "{8FC6BEDA-97D2-464D-B987-BCF5515A178F}"
EndProject
Project("{8BC9CEB8-8B4A-11D0-8D11-00A0C91BC942}") = "CPP_IVIC_TriggeredCountPeakList", "C++\SA2xx\CPP_IVIC_TriggeredCountPeakList\CPP_IVIC_TriggeredCountPeakList.vcxproj", "{6CF1A508-B4C5-40BD-B757-4AC88F185C53}"
EndProject
Project("{2150E333-8FDC-42A3-9474-1A3956D46DE8}") = "U53xx", "U53xx", "{8CF31E51-E222-425F-9BA7-2027E7839E65}"
EndProject
Project("{2150E333-8FDC-42A3-9474-1A3956D46DE8}") = "SA2xx", "SA2xx", "{4A4F10A7-B7D5-4626-9626-24E58FA5E236}"
EndProject
Project("{2150E333-8FDC-42A3-9474-1A3956D46DE8}") = "SA1xx", "SA1xx", "{D5436CC8-0622-4154-B81D-B40198F197FB}"
EndProject
Project("{8BC9CEB8-8B4A-11D0-8D11-00A0C91BC942}") = "CPP_IVIC_Streaming", "C++\SA2xx\CPP_IVIC_Streaming\CPP_IVIC_Streaming.vcxproj", "{F7728F8E-EFBD-4490-B489-A56156C734AC}"
EndProject
Project("{8BC9CEB8-8B4A-11D0-8D11-00A0C91BC942}") = "CPP_IVIC_Streaming", "C++\SA1xx\CPP_IVIC_Streaming\CPP_IVIC_Streaming.vcxproj", "{1D1B153A-0EAF-41D8-8F5E-71C6DBF7FEA4}"
EndProject
Project("{8BC9CEB8-8B4A-11D0-8D11-00A0C91BC942}") = "CPP_IVIC_StreamingAverager", "C++\SA1xx\CPP_IVIC_StreamingAverager\CPP_IVIC_StreamingAverager.vcxproj", "{49ADF628-C623-4371-B333-0278714E66F4}"
EndProject
Project("{8BC9CEB8-8B4A-11D0-8D11-00A0C91BC942}") = "CPP_IVIC_StreamingAverager", "C++\SA2xx\CPP_IVIC_StreamingAverager\CPP_IVIC_StreamingAverager.vcxproj", "{6F19AC29-83FF-48F1-A923-5BB1F88729EA}"
EndProject
Project("{8BC9CEB8-8B4A-11D0-8D11-00A0C91BC942}") = "CPP_IVIC_StreamingAveragerZeroSuppress", "C++\SA2xx\CPP_IVIC_StreamingAveragerZeroSuppress\CPP_IVIC_StreamingAveragerZeroSuppress.vcxproj", "{E674782D-4D6B-46FA-BC3C-E52715485588}"
EndProject
Global
	GlobalSection(SolutionConfigurationPlatforms) = preSolution
		Debug|Any CPU = Debug|Any CPU
		Debug|x64 = Debug|x64
		Debug|x86 = Debug|x86
		Release|Any CPU = Release|Any CPU
		Release|x64 = Release|x64
		Release|x86 = Release|x86
	EndGlobalSection
	GlobalSection(ProjectConfigurationPlatforms) = postSolution
		{6D73D87C-3AA8-481D-992A-B0E01B70AAB0}.Debug|Any CPU.ActiveCfg = Debug|Win32
		{6D73D87C-3AA8-481D-992A-B0E01B70AAB0}.Debug|x64.ActiveCfg = Debug|x64
		{6D73D87C-3AA8-481D-992A-B0E01B70AAB0}.Debug|x64.Build.0 = Debug|x64
		{6D73D87C-3AA8-481D-992A-B0E01B70AAB0}.Debug|x86.ActiveCfg = Debug|Win32
		{6D73D87C-3AA8-481D-992A-B0E01B70AAB0}.Debug|x86.Build.0 = Debug|Win32
		{6D73D87C-3AA8-481D-992A-B0E01B70AAB0}.Release|Any CPU.ActiveCfg = Release|Win32
		{6D73D87C-3AA8-481D-992A-B0E01B70AAB0}.Release|x64.ActiveCfg = Release|x64
		{6D73D87C-3AA8-481D-992A-B0E01B70AAB0}.Release|x64.Build.0 = Release|x64
		{6D73D87C-3AA8-481D-992A-B0E01B70AAB0}.Release|x86.ActiveCfg = Release|Win32
		{6D73D87C-3AA8-481D-992A-B0E01B70AAB0}.Release|x86.Build.0 = Release|Win32
		{98E71C3E-A4A9-4702-A348-4C3ADCB36BF8}.Debug|Any CPU.ActiveCfg = Debug|Win32
		{98E71C3E-A4A9-4702-A348-4C3ADCB36BF8}.Debug|x64.ActiveCfg = Debug|x64
		{98E71C3E-A4A9-4702-A348-4C3ADCB36BF8}.Debug|x64.Build.0 = Debug|x64
		{98E71C3E-A4A9-4702-A348-4C3ADCB36BF8}.Debug|x86.ActiveCfg = Debug|Win32
		{98E71C3E-A4A9-4702-A348-4C3ADCB36BF8}.Debug|x86.Build.0 = Debug|Win32
		{98E71C3E-A4A9-4702-A348-4C3ADCB36BF8}.Release|Any CPU.ActiveCfg = Release|Win32
		{98E71C3E-A4A9-4702-A348-4C3ADCB36BF8}.Release|x64.ActiveCfg = Release|x64
		{98E71C3E-A4A9-4702-A348-4C3ADCB36BF8}.Release|x64.Build.0 = Release|x64
		{98E71C3E-A4A9-4702-A348-4C3ADCB36BF8}.Release|x86.ActiveCfg = Release|Win32
		{98E71C3E-A4A9-4702-A348-4C3ADCB36BF8}.Release|x86.Build.0 = Release|Win32
		{FF69BD5F-D2DF-4062-BEA7-1F1B55789EE5}.Debug|Any CPU.ActiveCfg = Debug|Win32
		{FF69BD5F-D2DF-4062-BEA7-1F1B55789EE5}.Debug|x64.ActiveCfg = Debug|x64
		{FF69BD5F-D2DF-4062-BEA7-1F1B55789EE5}.Debug|x64.Build.0 = Debug|x64
		{FF69BD5F-D2DF-4062-BEA7-1F1B55789EE5}.Debug|x86.ActiveCfg = Debug|Win32
		{FF69BD5F-D2DF-4062-BEA7-1F1B55789EE5}.Debug|x86.Build.0 = Debug|Win32
		{FF69BD5F-D2DF-4062-BEA7-1F1B55789EE5}.Release|Any CPU.ActiveCfg = Release|Win32
		{FF69BD5F-D2DF-4062-BEA7-1F1B55789EE5}.Release|x64.ActiveCfg = Release|x64
		{FF69BD5F-D2DF-4062-BEA7-1F1B55789EE5}.Release|x64.Build.0 = Release|x64
		{FF69BD5F-D2DF-4062-BEA7-1F1B55789EE5}.Release|x86.ActiveCfg = Release|Win32
		{FF69BD5F-D2DF-4062-BEA7-1F1B55789EE5}.Release|x86.Build.0 = Release|Win32
		{47412AB9-8206-44E4-A42B-15B9561C6280}.Debug|Any CPU.ActiveCfg = Debug|Win32
		{47412AB9-8206-44E4-A42B-15B9561C6280}.Debug|x64.ActiveCfg = Debug|x64
		{47412AB9-8206-44E4-A42B-15B9561C6280}.Debug|x64.Build.0 = Debug|x64
		{47412AB9-8206-44E4-A42B-15B9561C6280}.Debug|x86.ActiveCfg = Debug|Win32
		{47412AB9-8206-44E4-A42B-15B9561C6280}.Debug|x86.Build.0 = Debug|Win32
		{47412AB9-8206-44E4-A42B-15B9561C6280}.Release|Any CPU.ActiveCfg = Release|Win32
		{47412AB9-8206-44E4-A42B-15B9561C6280}.Release|x64.ActiveCfg = Release|x64
		{47412AB9-8206-44E4-A42B-15B9561C6280}.Release|x64.Build.0 = Release|x64
		{47412AB9-8206-44E4-A42B-15B9561C6280}.Release|x86.ActiveCfg = Release|Win32
		{47412AB9-8206-44E4-A42B-15B9561C6280}.Release|x86.Build.0 = Release|Win32
		{4C859798-E041-4F36-9263-3326B787BE54}.Debug|Any CPU.ActiveCfg = Debug|Win32
		{4C859798-E041-4F36-9263-3326B787BE54}.Debug|x64.ActiveCfg = Debug|x64
		{4C859798-E041-4F36-9263-3326B787BE54}.Debug|x64.Build.0 = Debug|x64
		{4C859798-E041-4F36-9263-3326B787BE54}.Debug|x86.ActiveCfg = Debug|Win32
		{4C859798-E041-4F36-9263-3326B787BE54}.Debug|x86.Build.0 = Debug|Win32
		{4C859798-E041-4F36-9263-3326B787BE54}.Release|Any CPU.ActiveCfg = Release|Win32
		{4C859798-E041-4F36-9263-3326B787BE54}.Release|x64.ActiveCfg = Release|x64
		{4C859798-E041-4F36-9263-3326B787BE54}.Release|x64.Build.0 = Release|x64
		{4C859798-E041-4F36-9263-3326B787BE54}.Release|x86.ActiveCfg = Release|Win32
		{4C859798-E041-4F36-9263-3326B787BE54}.Release|x86.Build.0 = Release|Win32
		{7BBE0A08-E683-43E7-AFDD-E76A96DFBFF5}.Debug|Any CPU.ActiveCfg = Debug|Win32
		{7BBE0A08-E683-43E7-AFDD-E76A96DFBFF5}.Debug|x64.ActiveCfg = Debug|x64
		{7BBE0A08-E683-43E7-AFDD-E76A96DFBFF5}.Debug|x64.Build.0 = Debug|x64
		{7BBE0A08-E683-43E7-AFDD-E76A96DFBFF5}.Debug|x86.ActiveCfg = Debug|Win32
		{7BBE0A08-E683-43E7-AFDD-E76A96DFBFF5}.Debug|x86.Build.0 = Debug|Win32
		{7BBE0A08-E683-43E7-AFDD-E76A96DFBFF5}.Release|Any CPU.ActiveCfg = Release|Win32
		{7BBE0A08-E683-43E7-AFDD-E76A96DFBFF5}.Release|x64.ActiveCfg = Release|x64
		{7BBE0A08-E683-43E7-AFDD-E76A96DFBFF5}.Release|x64.Build.0 = Release|x64
		{7BBE0A08-E683-43E7-AFDD-E76A96DFBFF5}.Release|x86.ActiveCfg = Release|Win32
		{7BBE0A08-E683-43E7-AFDD-E76A96DFBFF5}.Release|x86.Build.0 = Release|Win32
		{23CBAE59-8559-44D7-9B2A-18F7BAF72338}.Debug|Any CPU.ActiveCfg = Debug|Win32
		{23CBAE59-8559-44D7-9B2A-18F7BAF72338}.Debug|x64.ActiveCfg = Debug|x64
		{23CBAE59-8559-44D7-9B2A-18F7BAF72338}.Debug|x64.Build.0 = Debug|x64
		{23CBAE59-8559-44D7-9B2A-18F7BAF72338}.Debug|x86.ActiveCfg = Debug|Win32
		{23CBAE59-8559-44D7-9B2A-18F7BAF72338}.Debug|x86.Build.0 = Debug|Win32
		{23CBAE59-8559-44D7-9B2A-18F7BAF72338}.Release|Any CPU.ActiveCfg = Release|Win32
		{23CBAE59-8559-44D7-9B2A-18F7BAF72338}.Release|x64.ActiveCfg = Release|x64
		{23CBAE59-8559-44D7-9B2A-18F7BAF72338}.Release|x64.Build.0 = Release|x64
		{23CBAE59-8559-44D7-9B2A-18F7BAF72338}.Release|x86.ActiveCfg = Release|Win32
		{23CBAE59-8559-44D7-9B2A-18F7BAF72338}.Release|x86.Build.0 = Release|Win32
		{8FC6BEDA-97D2-464D-B987-BCF5515A178F}.Debug|Any CPU.ActiveCfg = Debug|Win32
		{8FC6BEDA-97D2-464D-B987-BCF5515A178F}.Debug|x64.ActiveCfg = Debug|x64
		{8FC6BEDA-97D2-464D-B987-BCF5515A178F}.Debug|x64.Build.0 = Debug|x64
		{8FC6BEDA-97D2-464D-B987-BCF5515A178F}.Debug|x86.ActiveCfg = Debug|Win32
		{8FC6BEDA-97D2-464D-B987-BCF5515A178F}.Debug|x86.Build.0 = Debug|Win32
		{8FC6BEDA-97D2-464D-B987-BCF5515A178F}.Release|Any CPU.ActiveCfg = Release|Win32
		{8FC6BEDA-97D2-464D-B987-BCF5515A178F}.Release|x64.ActiveCfg = Release|x64
		{8FC6BEDA-97D2-464D-B987-BCF5515A178F}.Release|x64.Build.0 = Release|x64
		{8FC6BEDA-97D2-464D-B987-BCF5515A178F}.Release|x86.ActiveCfg = Release|Win32
		{8FC6BEDA-97D2-464D-B987-BCF5515A178F}.Release|x86.Build.0 = Release|Win32
		{6CF1A508-B4C5-40BD-B757-4AC88F185C53}.Debug|Any CPU.ActiveCfg = Debug|Win32
		{6CF1A508-B4C5-40BD-B757-4AC88F185C53}.Debug|x64.ActiveCfg = Debug|x64
		{6CF1A508-B4C5-40BD-B757-4AC88F185C53}.Debug|x64.Build.0 = Debug|x64
		{6CF1A508-B4C5-40BD-B757-4AC88F185C53}.Debug|x86.ActiveCfg = Debug|Win32
		{6CF1A508-B4C5-40BD-B757-4AC88F185C53}.Debug|x86.Build.0 = Debug|Win32
		{6CF1A508-B4C5-40BD-B757-4AC88F185C53}.Release|Any CPU.ActiveCfg = Release|Win32
		{6CF1A508-B4C5-40BD-B757-4AC88F185C53}.Release|x64.ActiveCfg = Release|x64
		{6CF1A508-B4C5-40BD-B757-4AC88F185C53}.Release|x64.Build.0 = Release|x64
		{6CF1A508-B4C5-40BD-B757-4AC88F185C53}.Release|x86.ActiveCfg = Release|Win32
		{6CF1A508-B4C5-40BD-B757-4AC88F185C53}.Release|x86.Build.0 = Release|Win32
		{F7728F8E-EFBD-4490-B489-A56156C734AC}.Debug|Any CPU.ActiveCfg = Debug|Win32
		{F7728F8E-EFBD-4490-B489-A56156C734AC}.Debug|x64.ActiveCfg = Debug|x64
		{F7728F8E-EFBD-4490-B489-A56156C734AC}.Debug|x64.Build.0 = Debug|x64
		{F7728F8E-EFBD-4490-B489-A56156C734AC}.Debug|x86.ActiveCfg = Debug|Win32
		{F7728F8E-EFBD-4490-B489-A56156C734AC}.Debug|x86.Build.0 = Debug|Win32
		{F7728F8E-EFBD-4490-B489-A56156C734AC}.Release|Any CPU.ActiveCfg = Release|Win32
		{F7728F8E-EFBD-4490-B489-A56156C734AC}.Release|x64.ActiveCfg = Release|x64
		{F7728F8E-EFBD-4490-B489-A56156C734AC}.Release|x64.Build.0 = Release|x64
		{F7728F8E-EFBD-4490-B489-A56156C734AC}.Release|x86.ActiveCfg = Release|Win32
		{F7728F8E-EFBD-4490-B489-A56156C734AC}.Release|x86.Build.0 = Release|Win32
		{1D1B153A-0EAF-41D8-8F5E-71C6DBF7FEA4}.Debug|Any CPU.ActiveCfg = Debug|Win32
		{1D1B153A-0EAF-41D8-8F5E-71C6DBF7FEA4}.Debug|x64.ActiveCfg = Debug|x64
		{1D1B153A-0EAF-41D8-8F5E-71C6DBF7FEA4}.Debug|x64.Build.0 = Debug|x64
		{1D1B153A-0EAF-41D8-8F5E-71C6DBF7FEA4}.Debug|x86.ActiveCfg = Debug|Win32
		{1D1B153A-0EAF-41D8-8F5E-71C6DBF7FEA4}.Debug|x86.Build.0 = Debug|Win32
		{1D1B153A-0EAF-41D8-8F5E-71C6DBF7FEA4}.Release|Any CPU.ActiveCfg = Release|Win32
		{1D1B153A-0EAF-41D8-8F5E-71C6DBF7FEA4}.Release|x64.ActiveCfg = Release|x64
		{1D1B153A-0EAF-41D8-8F5E-71C6DBF7FEA4}.Release|x64.Build.0 = Release|x64
		{1D1B153A-0EAF-41D8-8F5E-71C6DBF7FEA4}.Release|x86.ActiveCfg = Release|Win32
		{1D1B153A-0EAF-41D8-8F5E-71C6DBF7FEA4}.Release|x86.Build.0 = Release|Win32
		{49ADF628-C623-4371-B333-0278714E66F4}.Debug|Any CPU.ActiveCfg = Debug|Win32
		{49ADF628-C623-4371-B333-0278714E66F4}.Debug|x64.ActiveCfg = Debug|x64
		{49ADF628-C623-4371-B333-0278714E66F4}.Debug|x64.Build.0 = Debug|x64
		{49ADF628-C623-4371-B333-0278714E66F4}.Debug|x86.ActiveCfg = Debug|Win32
		{49ADF628-C623-4371-B333-0278714E66F4}.Debug|x86.Build.0 = Debug|Win32
		{49ADF628-C623-4371-B333-0278714E66F4}.Release|Any CPU.ActiveCfg = Release|Win32
		{49ADF628-C623-4371-B333-0278714E66F4}.Release|x64.ActiveCfg = Release|x64
		{49ADF628-C623-4371-B333-0278714E66F4}.Release|x64.Build.0 = Release|x64
		{49ADF628-C623-4371-B333-0278714E66F4}.Release|x86.ActiveCfg = Release|Win32
		{49ADF628-C623-4371-B333-0278714E66F4}.Release|x86.Build.0 = Release|Win32
		{6F19AC29-83FF-48F1-A923-5BB1F88729EA}.Debug|Any CPU.ActiveCfg = Debug|Win32
		{6F19AC29-83FF-48F1-A923-5BB1F88729EA}.Debug|x64.ActiveCfg = Debug|x64
		{6F19AC29-83FF-48F1-A923-5BB1F88729EA}.Debug|x64.Build.0 = Debug|x64
		{6F19AC29-83FF-48F1-A923-5BB1F88729EA}.Debug|x86.ActiveCfg = Debug|Win32
		{6F19AC29-83FF-48F1-A923-5BB1F88729EA}.Debug|x86.Build.0 = Debug|Win32
		{6F19AC29-83FF-48F1-A923-5BB1F88729EA}.Release|Any CPU.ActiveCfg = Release|Win32
		{6F19AC29-83FF-48F1-A923-5BB1F88729EA}.Release|x64.ActiveCfg = Release|x64
		{6F19AC29-83FF-48F1-A923-5BB1F88729EA}.Release|x64.Build.0 = Release|x64
		{6F19AC29-83FF-48F1-A923-5BB1F88729EA}.Release|x86.ActiveCfg = Release|Win32
		{6F19AC29-83FF-48F1-A923-5BB1F88729EA}.Release|x86.Build.0 = Release|Win32
		{E674782D-4D6B-46FA-BC3C-E52715485588}.Debug|Any CPU.ActiveCfg = Debug|Win32
		{E674782D-4D6B-46FA-BC3C-E52715485588}.Debug|x64.ActiveCfg = Debug|x64
		{E674782D-4D6B-46FA-BC3C-E52715485588}.Debug|x64.Build.0 = Debug|x64
		{E674782D-4D6B-46FA-BC3C-E52715485588}.Debug|x86.ActiveCfg = Debug|Win32
		{E674782D-4D6B-46FA-BC3C-E52715485588}.Debug|x86.Build.0 = Debug|Win32
		{E674782D-4D6B-46FA-BC3C-E52715485588}.Release|Any CPU.ActiveCfg = Release|Win32
		{E674782D-4D6B-46FA-BC3C-E52715485588}.Release|x64.ActiveCfg = Release|x64
		{E674782D-4D6B-46FA-BC3C-E52715485588}.Release|x64.Build.0 = Release|x64
		{E674782D-4D6B-46FA-BC3C-E52715485588}.Release|x86.ActiveCfg = Release|Win32
		{E674782D-4D6B-46FA-BC3C-E52715485588}.Release|x86.Build.0 = Release|Win32
	EndGlobalSection
	GlobalSection(SolutionProperties) = preSolution
		HideSolutionNode = FALSE
	EndGlobalSection
	GlobalSection(NestedProjects) = preSolution
		{47412AB9-8206-44E4-A42B-15B9561C6280} = {8CF31E51-E222-425F-9BA7-2027E7839E65}
		{4C859798-E041-4F36-9263-3326B787BE54} = {8CF31E51-E222-425F-9BA7-2027E7839E65}
		{7BBE0A08-E683-43E7-AFDD-E76A96DFBFF5} = {8CF31E51-E222-425F-9BA7-2027E7839E65}
		{23CBAE59-8559-44D7-9B2A-18F7BAF72338} = {4A4F10A7-B7D5-4626-9626-24E58FA5E236}
		{8FC6BEDA-97D2-464D-B987-BCF5515A178F} = {4A4F10A7-B7D5-4626-9626-24E58FA5E236}
		{6CF1A508-B4C5-40BD-B757-4AC88F185C53} = {4A4F10A7-B7D5-4626-9626-24E58FA5E236}
		{F7728F8E-EFBD-4490-B489-A56156C734AC} = {4A4F10A7-B7D5-4626-9626-24E58FA5E236}
		{1D1B153A-0EAF-41D8-8F5E-71C6DBF7FEA4} = {D5436CC8-0622-4154-B81D-B40198F197FB}
		{49ADF628-C623-4371-B333-0278714E66F4} = {D5436CC8-0622-4154-B81D-B40198F197FB}
		{6F19AC29-83FF-48F1-A923-5BB1F88729EA} = {4A4F10A7-B7D5-4626-9626-24E58FA5E236}
		{E674782D-4D6B-46FA-BC3C-E52715485588} = {4A4F10A7-B7D5-4626-9626-24E58FA5E236}
	EndGlobalSection
	GlobalSection(ExtensibilityGlobals) = postSolution
		SolutionGuid = {018EAB8A-DB41-4F78-B6A3-5F99F28E8B71}
	EndGlobalSection
EndGlobal
